{
  "name": "typescript",
  "version": "0.0.1",
  "lockfileVersion": 1,
  "requires": true,
  "dependencies": {
    "date-fns": {
      "version": "2.16.1",
      "resolved": "https://artifacts.devops.cambio.se:443/api/npm/npm/date-fns/-/date-fns-2.16.1.tgz",
      "integrity": "sha1-BXdXksPzMx2oEq8lPhqTWFHTg0s="
    },
    "rxjs": {
      "version": "6.6.3",
      "resolved": "https://artifacts.devops.cambio.se:443/api/npm/npm/rxjs/-/rxjs-6.6.3.tgz",
      "integrity": "sha1-jKhGNcTaqQDA05Z6buesYCce5VI=",
      "requires": {
        "tslib": "^1.9.0"
      }
    },
    "tslib": {
      "version": "1.13.0",
      "resolved": "https://artifacts.devops.cambio.se:443/api/npm/npm/tslib/-/tslib-1.13.0.tgz",
      "integrity": "sha1-yIHhPMcBWJTtkUhi0nZDb6mkcEM="
    }
  }
}
