{
  "name": "typescript",
  "version": "0.0.1",
  "lockfileVersion": 1,
  "requires": true,
  "dependencies": {
    "@mrmlnc/readdir-enhanced": {
      "version": "2.2.1",
      "resolved": "https://artifacts.devops.cambio.se:443/api/npm/npm/@mrmlnc/readdir-enhanced/-/readdir-enhanced-2.2.1.tgz",
      "integrity": "sha1-UkryQNGjYFJ7cwR17PoTRKpUDd4=",
      "dev": true,
      "requires": {
        "call-me-maybe": "^1.0.1",
        "glob-to-regexp": "^0.3.0"
      }
    },
    "@nodelib/fs.stat": {
      "version": "1.1.3",
      "resolved": "https://artifacts.devops.cambio.se:443/api/npm/npm/@nodelib/fs.stat/-/fs.stat-1.1.3.tgz",
      "integrity": "sha1-K1o6s/kYzKSKjHVMCBaOPwPrphs=",
      "dev": true
    },
    "arr-diff": {
      "version": "4.0.0",
      "resolved": "https://artifacts.devops.cambio.se:443/api/npm/npm/arr-diff/-/arr-diff-4.0.0.tgz",
      "integrity": "sha1-1kYQdP6/7HHn4VI1dhoyml3HxSA=",
      "dev": true
    },
    "arr-flatten": {
      "version": "1.1.0",
      "resolved": "https://artifacts.devops.cambio.se:443/api/npm/npm/arr-flatten/-/arr-flatten-1.1.0.tgz",
      "integrity": "sha1-NgSLv/TntH4TZkQxbJlmnqWukfE=",
      "dev": true
    },
    "arr-union": {
      "version": "3.1.0",
      "resolved": "https://artifacts.devops.cambio.se:443/api/npm/npm/arr-union/-/arr-union-3.1.0.tgz",
      "integrity": "sha1-45sJrqne+Gao8gbiiK9jkZuuOcQ=",
      "dev": true
    },
    "array-unique": {
      "version": "0.3.2",
      "resolved": "https://artifacts.devops.cambio.se:443/api/npm/npm/array-unique/-/array-unique-0.3.2.tgz",
      "integrity": "sha1-qJS3XUvE9s1nnvMkSp/Y9Gri1Cg=",
      "dev": true
    },
    "assign-symbols": {
      "version": "1.0.0",
      "resolved": "https://artifacts.devops.cambio.se:443/api/npm/npm/assign-symbols/-/assign-symbols-1.0.0.tgz",
      "integrity": "sha1-WWZ/QfrdTyDMvCu5a41Pf3jsA2c=",
      "dev": true
    },
    "atob": {
      "version": "2.1.2",
      "resolved": "https://artifacts.devops.cambio.se:443/api/npm/npm/atob/-/atob-2.1.2.tgz",
      "integrity": "sha1-bZUX654DDSQ2ZmZR6GvZ9vE1M8k=",
      "dev": true
    },
    "base": {
      "version": "0.11.2",
      "resolved": "https://artifacts.devops.cambio.se:443/api/npm/npm/base/-/base-0.11.2.tgz",
      "integrity": "sha1-e95c7RRbbVUakNuH+DxVi060io8=",
      "dev": true,
      "requires": {
        "cache-base": "^1.0.1",
        "class-utils": "^0.3.5",
        "component-emitter": "^1.2.1",
        "define-property": "^1.0.0",
        "isobject": "^3.0.1",
        "mixin-deep": "^1.2.0",
        "pascalcase": "^0.1.1"
      },
      "dependencies": {
        "define-property": {
          "version": "1.0.0",
          "resolved": "https://artifacts.devops.cambio.se:443/api/npm/npm/define-property/-/define-property-1.0.0.tgz",
          "integrity": "sha1-dp66rz9KY6rTr56NMEybvnm/sOY=",
          "dev": true,
          "requires": {
            "is-descriptor": "^1.0.0"
          }
        },
        "is-accessor-descriptor": {
          "version": "1.0.0",
          "resolved": "https://artifacts.devops.cambio.se:443/api/npm/npm/is-accessor-descriptor/-/is-accessor-descriptor-1.0.0.tgz",
          "integrity": "sha1-FpwvbT3x+ZJhgHI2XJsOofaHhlY=",
          "dev": true,
          "requires": {
            "kind-of": "^6.0.0"
          }
        },
        "is-data-descriptor": {
          "version": "1.0.0",
          "resolved": "https://artifacts.devops.cambio.se:443/api/npm/npm/is-data-descriptor/-/is-data-descriptor-1.0.0.tgz",
          "integrity": "sha1-2Eh2Mh0Oet0DmQQGq7u9NrqSaMc=",
          "dev": true,
          "requires": {
            "kind-of": "^6.0.0"
          }
        },
        "is-descriptor": {
          "version": "1.0.2",
          "resolved": "https://artifacts.devops.cambio.se:443/api/npm/npm/is-descriptor/-/is-descriptor-1.0.2.tgz",
          "integrity": "sha1-OxWXRqZmBLBPjIFSS6NlxfFNhuw=",
          "dev": true,
          "requires": {
            "is-accessor-descriptor": "^1.0.0",
            "is-data-descriptor": "^1.0.0",
            "kind-of": "^6.0.2"
          }
        }
      }
    },
    "braces": {
      "version": "2.3.2",
      "resolved": "https://artifacts.devops.cambio.se:443/api/npm/npm/braces/-/braces-2.3.2.tgz",
      "integrity": "sha1-WXn9PxTNUxVl5fot8av/8d+u5yk=",
      "dev": true,
      "requires": {
        "arr-flatten": "^1.1.0",
        "array-unique": "^0.3.2",
        "extend-shallow": "^2.0.1",
        "fill-range": "^4.0.0",
        "isobject": "^3.0.1",
        "repeat-element": "^1.1.2",
        "snapdragon": "^0.8.1",
        "snapdragon-node": "^2.0.1",
        "split-string": "^3.0.2",
        "to-regex": "^3.0.1"
      },
      "dependencies": {
        "extend-shallow": {
          "version": "2.0.1",
          "resolved": "https://artifacts.devops.cambio.se:443/api/npm/npm/extend-shallow/-/extend-shallow-2.0.1.tgz",
          "integrity": "sha1-Ua99YUrZqfYQ6huvu5idaxxWiQ8=",
          "dev": true,
          "requires": {
            "is-extendable": "^0.1.0"
          }
        }
      }
    },
    "cache-base": {
      "version": "1.0.1",
      "resolved": "https://artifacts.devops.cambio.se:443/api/npm/npm/cache-base/-/cache-base-1.0.1.tgz",
      "integrity": "sha1-Cn9GQWgxyLZi7jb+TnxZ129marI=",
      "dev": true,
      "requires": {
        "collection-visit": "^1.0.0",
        "component-emitter": "^1.2.1",
        "get-value": "^2.0.6",
        "has-value": "^1.0.0",
        "isobject": "^3.0.1",
        "set-value": "^2.0.0",
        "to-object-path": "^0.3.0",
        "union-value": "^1.0.0",
        "unset-value": "^1.0.0"
      }
    },
    "call-me-maybe": {
      "version": "1.0.1",
      "resolved": "https://artifacts.devops.cambio.se:443/api/npm/npm/call-me-maybe/-/call-me-maybe-1.0.1.tgz",
      "integrity": "sha1-JtII6onje1y95gJQoV8DHBak1ms=",
      "dev": true
    },
    "class-utils": {
      "version": "0.3.6",
      "resolved": "https://artifacts.devops.cambio.se:443/api/npm/npm/class-utils/-/class-utils-0.3.6.tgz",
      "integrity": "sha1-+TNprouafOAv1B+q0MqDAzGQxGM=",
      "dev": true,
      "requires": {
        "arr-union": "^3.1.0",
        "define-property": "^0.2.5",
        "isobject": "^3.0.0",
        "static-extend": "^0.1.1"
      },
      "dependencies": {
        "define-property": {
          "version": "0.2.5",
          "resolved": "https://artifacts.devops.cambio.se:443/api/npm/npm/define-property/-/define-property-0.2.5.tgz",
          "integrity": "sha1-w1se+RjsPJkPmlvFe+BKrOxcgRY=",
          "dev": true,
          "requires": {
            "is-descriptor": "^0.1.0"
          }
        }
      }
    },
    "collection-visit": {
      "version": "1.0.0",
      "resolved": "https://artifacts.devops.cambio.se:443/api/npm/npm/collection-visit/-/collection-visit-1.0.0.tgz",
      "integrity": "sha1-S8A3PBZLwykbTTaMgpzxqApZ3KA=",
      "dev": true,
      "requires": {
        "map-visit": "^1.0.0",
        "object-visit": "^1.0.0"
      }
    },
    "component-emitter": {
      "version": "1.3.0",
      "resolved": "https://artifacts.devops.cambio.se:443/api/npm/npm/component-emitter/-/component-emitter-1.3.0.tgz",
      "integrity": "sha1-FuQHD7qK4ptnnyIVhT7hgasuq8A=",
      "dev": true
    },
    "copy-descriptor": {
      "version": "0.1.1",
      "resolved": "https://artifacts.devops.cambio.se:443/api/npm/npm/copy-descriptor/-/copy-descriptor-0.1.1.tgz",
      "integrity": "sha1-Z29us8OZl8LuGsOpJP1hJHSPV40=",
      "dev": true
    },
    "date-fns": {
      "version": "2.16.1",
      "resolved": "https://artifacts.devops.cambio.se:443/api/npm/npm/date-fns/-/date-fns-2.16.1.tgz",
      "integrity": "sha1-BXdXksPzMx2oEq8lPhqTWFHTg0s="
    },
    "debug": {
      "version": "2.6.9",
      "resolved": "https://artifacts.devops.cambio.se:443/api/npm/npm/debug/-/debug-2.6.9.tgz",
      "integrity": "sha1-XRKFFd8TT/Mn6QpMk/Tgd6U2NB8=",
      "dev": true,
      "requires": {
        "ms": "2.0.0"
      }
    },
    "decode-uri-component": {
      "version": "0.2.0",
      "resolved": "https://artifacts.devops.cambio.se:443/api/npm/npm/decode-uri-component/-/decode-uri-component-0.2.0.tgz",
      "integrity": "sha1-6zkTMzRYd1y4TNGh+uBiEGu4dUU=",
      "dev": true
    },
    "define-property": {
      "version": "2.0.2",
      "resolved": "https://artifacts.devops.cambio.se:443/api/npm/npm/define-property/-/define-property-2.0.2.tgz",
      "integrity": "sha1-1Flono1lS6d+AqgX+HENcCyxbp0=",
      "dev": true,
      "requires": {
        "is-descriptor": "^1.0.2",
        "isobject": "^3.0.1"
      },
      "dependencies": {
        "is-accessor-descriptor": {
          "version": "1.0.0",
          "resolved": "https://artifacts.devops.cambio.se:443/api/npm/npm/is-accessor-descriptor/-/is-accessor-descriptor-1.0.0.tgz",
          "integrity": "sha1-FpwvbT3x+ZJhgHI2XJsOofaHhlY=",
          "dev": true,
          "requires": {
            "kind-of": "^6.0.0"
          }
        },
        "is-data-descriptor": {
          "version": "1.0.0",
          "resolved": "https://artifacts.devops.cambio.se:443/api/npm/npm/is-data-descriptor/-/is-data-descriptor-1.0.0.tgz",
          "integrity": "sha1-2Eh2Mh0Oet0DmQQGq7u9NrqSaMc=",
          "dev": true,
          "requires": {
            "kind-of": "^6.0.0"
          }
        },
        "is-descriptor": {
          "version": "1.0.2",
          "resolved": "https://artifacts.devops.cambio.se:443/api/npm/npm/is-descriptor/-/is-descriptor-1.0.2.tgz",
          "integrity": "sha1-OxWXRqZmBLBPjIFSS6NlxfFNhuw=",
          "dev": true,
          "requires": {
            "is-accessor-descriptor": "^1.0.0",
            "is-data-descriptor": "^1.0.0",
            "kind-of": "^6.0.2"
          }
        }
      }
    },
    "expand-brackets": {
      "version": "2.1.4",
      "resolved": "https://artifacts.devops.cambio.se:443/api/npm/npm/expand-brackets/-/expand-brackets-2.1.4.tgz",
      "integrity": "sha1-t3c14xXOMPa27/D4OwQVGiJEliI=",
      "dev": true,
      "requires": {
        "debug": "^2.3.3",
        "define-property": "^0.2.5",
        "extend-shallow": "^2.0.1",
        "posix-character-classes": "^0.1.0",
        "regex-not": "^1.0.0",
        "snapdragon": "^0.8.1",
        "to-regex": "^3.0.1"
      },
      "dependencies": {
        "define-property": {
          "version": "0.2.5",
          "resolved": "https://artifacts.devops.cambio.se:443/api/npm/npm/define-property/-/define-property-0.2.5.tgz",
          "integrity": "sha1-w1se+RjsPJkPmlvFe+BKrOxcgRY=",
          "dev": true,
          "requires": {
            "is-descriptor": "^0.1.0"
          }
        },
        "extend-shallow": {
          "version": "2.0.1",
          "resolved": "https://artifacts.devops.cambio.se:443/api/npm/npm/extend-shallow/-/extend-shallow-2.0.1.tgz",
          "integrity": "sha1-Ua99YUrZqfYQ6huvu5idaxxWiQ8=",
          "dev": true,
          "requires": {
            "is-extendable": "^0.1.0"
          }
        }
      }
    },
    "extend-shallow": {
      "version": "3.0.2",
      "resolved": "https://artifacts.devops.cambio.se:443/api/npm/npm/extend-shallow/-/extend-shallow-3.0.2.tgz",
      "integrity": "sha1-Jqcarwc7OfshJxcnRhMcJwQCjbg=",
      "dev": true,
      "requires": {
        "assign-symbols": "^1.0.0",
        "is-extendable": "^1.0.1"
      },
      "dependencies": {
        "is-extendable": {
          "version": "1.0.1",
          "resolved": "https://artifacts.devops.cambio.se:443/api/npm/npm/is-extendable/-/is-extendable-1.0.1.tgz",
          "integrity": "sha1-p0cPnkJnM9gb2B4RVSZOOjUHyrQ=",
          "dev": true,
          "requires": {
            "is-plain-object": "^2.0.4"
          }
        }
      }
    },
    "extglob": {
      "version": "2.0.4",
      "resolved": "https://artifacts.devops.cambio.se:443/api/npm/npm/extglob/-/extglob-2.0.4.tgz",
      "integrity": "sha1-rQD+TcYSqSMuhxhxHcXLWrAoVUM=",
      "dev": true,
      "requires": {
        "array-unique": "^0.3.2",
        "define-property": "^1.0.0",
        "expand-brackets": "^2.1.4",
        "extend-shallow": "^2.0.1",
        "fragment-cache": "^0.2.1",
        "regex-not": "^1.0.0",
        "snapdragon": "^0.8.1",
        "to-regex": "^3.0.1"
      },
      "dependencies": {
        "define-property": {
          "version": "1.0.0",
          "resolved": "https://artifacts.devops.cambio.se:443/api/npm/npm/define-property/-/define-property-1.0.0.tgz",
          "integrity": "sha1-dp66rz9KY6rTr56NMEybvnm/sOY=",
          "dev": true,
          "requires": {
            "is-descriptor": "^1.0.0"
          }
        },
        "extend-shallow": {
          "version": "2.0.1",
          "resolved": "https://artifacts.devops.cambio.se:443/api/npm/npm/extend-shallow/-/extend-shallow-2.0.1.tgz",
          "integrity": "sha1-Ua99YUrZqfYQ6huvu5idaxxWiQ8=",
          "dev": true,
          "requires": {
            "is-extendable": "^0.1.0"
          }
        },
        "is-accessor-descriptor": {
          "version": "1.0.0",
          "resolved": "https://artifacts.devops.cambio.se:443/api/npm/npm/is-accessor-descriptor/-/is-accessor-descriptor-1.0.0.tgz",
          "integrity": "sha1-FpwvbT3x+ZJhgHI2XJsOofaHhlY=",
          "dev": true,
          "requires": {
            "kind-of": "^6.0.0"
          }
        },
        "is-data-descriptor": {
          "version": "1.0.0",
          "resolved": "https://artifacts.devops.cambio.se:443/api/npm/npm/is-data-descriptor/-/is-data-descriptor-1.0.0.tgz",
          "integrity": "sha1-2Eh2Mh0Oet0DmQQGq7u9NrqSaMc=",
          "dev": true,
          "requires": {
            "kind-of": "^6.0.0"
          }
        },
        "is-descriptor": {
          "version": "1.0.2",
          "resolved": "https://artifacts.devops.cambio.se:443/api/npm/npm/is-descriptor/-/is-descriptor-1.0.2.tgz",
          "integrity": "sha1-OxWXRqZmBLBPjIFSS6NlxfFNhuw=",
          "dev": true,
          "requires": {
            "is-accessor-descriptor": "^1.0.0",
            "is-data-descriptor": "^1.0.0",
            "kind-of": "^6.0.2"
          }
        }
      }
    },
    "fast-glob": {
      "version": "2.2.7",
      "resolved": "https://artifacts.devops.cambio.se:443/api/npm/npm/fast-glob/-/fast-glob-2.2.7.tgz",
      "integrity": "sha1-aVOFfDr6R1//ku5gFdUtpwpM050=",
      "dev": true,
      "requires": {
        "@mrmlnc/readdir-enhanced": "^2.2.1",
        "@nodelib/fs.stat": "^1.1.2",
        "glob-parent": "^3.1.0",
        "is-glob": "^4.0.0",
        "merge2": "^1.2.3",
        "micromatch": "^3.1.10"
      }
    },
    "fill-range": {
      "version": "4.0.0",
      "resolved": "https://artifacts.devops.cambio.se:443/api/npm/npm/fill-range/-/fill-range-4.0.0.tgz",
      "integrity": "sha1-1USBHUKPmOsGpj3EAtJAPDKMOPc=",
      "dev": true,
      "requires": {
        "extend-shallow": "^2.0.1",
        "is-number": "^3.0.0",
        "repeat-string": "^1.6.1",
        "to-regex-range": "^2.1.0"
      },
      "dependencies": {
        "extend-shallow": {
          "version": "2.0.1",
          "resolved": "https://artifacts.devops.cambio.se:443/api/npm/npm/extend-shallow/-/extend-shallow-2.0.1.tgz",
          "integrity": "sha1-Ua99YUrZqfYQ6huvu5idaxxWiQ8=",
          "dev": true,
          "requires": {
            "is-extendable": "^0.1.0"
          }
        }
      }
    },
    "for-in": {
      "version": "1.0.2",
      "resolved": "https://artifacts.devops.cambio.se:443/api/npm/npm/for-in/-/for-in-1.0.2.tgz",
      "integrity": "sha1-gQaNKVqBQuwKxybG4iAMMPttXoA=",
      "dev": true
    },
    "fragment-cache": {
      "version": "0.2.1",
      "resolved": "https://artifacts.devops.cambio.se:443/api/npm/npm/fragment-cache/-/fragment-cache-0.2.1.tgz",
      "integrity": "sha1-QpD60n8T6Jvn8zeZxrxaCr//DRk=",
      "dev": true,
      "requires": {
        "map-cache": "^0.2.2"
      }
    },
    "get-value": {
      "version": "2.0.6",
      "resolved": "https://artifacts.devops.cambio.se:443/api/npm/npm/get-value/-/get-value-2.0.6.tgz",
      "integrity": "sha1-3BXKHGcjh8p2vTesCjlbogQqLCg=",
      "dev": true
    },
    "glob-parent": {
      "version": "3.1.0",
      "resolved": "https://artifacts.devops.cambio.se:443/api/npm/npm/glob-parent/-/glob-parent-3.1.0.tgz",
      "integrity": "sha1-nmr2KZ2NO9K9QEMIMr0RPfkGxa4=",
      "dev": true,
      "requires": {
        "is-glob": "^3.1.0",
        "path-dirname": "^1.0.0"
      },
      "dependencies": {
        "is-glob": {
          "version": "3.1.0",
          "resolved": "https://artifacts.devops.cambio.se:443/api/npm/npm/is-glob/-/is-glob-3.1.0.tgz",
          "integrity": "sha1-e6WuJCF4BKxwcHuWkiVnSGzD6Eo=",
          "dev": true,
          "requires": {
            "is-extglob": "^2.1.0"
          }
        }
      }
    },
    "glob-to-regexp": {
      "version": "0.3.0",
      "resolved": "https://artifacts.devops.cambio.se:443/api/npm/npm/glob-to-regexp/-/glob-to-regexp-0.3.0.tgz",
      "integrity": "sha1-jFoUlNIGbFcMw7/kSWF1rMTVAqs=",
      "dev": true
    },
    "has-value": {
      "version": "1.0.0",
      "resolved": "https://artifacts.devops.cambio.se:443/api/npm/npm/has-value/-/has-value-1.0.0.tgz",
      "integrity": "sha1-GLKB2lhbHFxR3vJMkw7SmgvmsXc=",
      "dev": true,
      "requires": {
        "get-value": "^2.0.6",
        "has-values": "^1.0.0",
        "isobject": "^3.0.0"
      }
    },
    "has-values": {
      "version": "1.0.0",
      "resolved": "https://artifacts.devops.cambio.se:443/api/npm/npm/has-values/-/has-values-1.0.0.tgz",
      "integrity": "sha1-lbC2P+whRmGab+V/51Yo1aOe/k8=",
      "dev": true,
      "requires": {
        "is-number": "^3.0.0",
        "kind-of": "^4.0.0"
      },
      "dependencies": {
        "kind-of": {
          "version": "4.0.0",
          "resolved": "https://artifacts.devops.cambio.se:443/api/npm/npm/kind-of/-/kind-of-4.0.0.tgz",
          "integrity": "sha1-IIE989cSkosgc3hpGkUGb65y3Vc=",
          "dev": true,
          "requires": {
            "is-buffer": "^1.1.5"
          }
        }
      }
    },
    "is-accessor-descriptor": {
      "version": "0.1.6",
      "resolved": "https://artifacts.devops.cambio.se:443/api/npm/npm/is-accessor-descriptor/-/is-accessor-descriptor-0.1.6.tgz",
      "integrity": "sha1-qeEss66Nh2cn7u84Q/igiXtcmNY=",
      "dev": true,
      "requires": {
        "kind-of": "^3.0.2"
      },
      "dependencies": {
        "kind-of": {
          "version": "3.2.2",
          "resolved": "https://artifacts.devops.cambio.se:443/api/npm/npm/kind-of/-/kind-of-3.2.2.tgz",
          "integrity": "sha1-MeohpzS6ubuw8yRm2JOupR5KPGQ=",
          "dev": true,
          "requires": {
            "is-buffer": "^1.1.5"
          }
        }
      }
    },
    "is-buffer": {
      "version": "1.1.6",
      "resolved": "https://artifacts.devops.cambio.se:443/api/npm/npm/is-buffer/-/is-buffer-1.1.6.tgz",
      "integrity": "sha1-76ouqdqg16suoTqXsritUf776L4=",
      "dev": true
    },
    "is-data-descriptor": {
      "version": "0.1.4",
      "resolved": "https://artifacts.devops.cambio.se:443/api/npm/npm/is-data-descriptor/-/is-data-descriptor-0.1.4.tgz",
      "integrity": "sha1-C17mSDiOLIYCgueT8YVv7D8wG1Y=",
      "dev": true,
      "requires": {
        "kind-of": "^3.0.2"
      },
      "dependencies": {
        "kind-of": {
          "version": "3.2.2",
          "resolved": "https://artifacts.devops.cambio.se:443/api/npm/npm/kind-of/-/kind-of-3.2.2.tgz",
          "integrity": "sha1-MeohpzS6ubuw8yRm2JOupR5KPGQ=",
          "dev": true,
          "requires": {
            "is-buffer": "^1.1.5"
          }
        }
      }
    },
    "is-descriptor": {
      "version": "0.1.6",
      "resolved": "https://artifacts.devops.cambio.se:443/api/npm/npm/is-descriptor/-/is-descriptor-0.1.6.tgz",
      "integrity": "sha1-Nm2CQN3kh8pRgjsaufB6EKeCUco=",
      "dev": true,
      "requires": {
        "is-accessor-descriptor": "^0.1.6",
        "is-data-descriptor": "^0.1.4",
        "kind-of": "^5.0.0"
      },
      "dependencies": {
        "kind-of": {
          "version": "5.1.0",
          "resolved": "https://artifacts.devops.cambio.se:443/api/npm/npm/kind-of/-/kind-of-5.1.0.tgz",
          "integrity": "sha1-cpyR4thXt6QZofmqZWhcTDP1hF0=",
          "dev": true
        }
      }
    },
    "is-extendable": {
      "version": "0.1.1",
      "resolved": "https://artifacts.devops.cambio.se:443/api/npm/npm/is-extendable/-/is-extendable-0.1.1.tgz",
      "integrity": "sha1-YrEQ4omkcUGOPsNqYX1HLjAd/Ik=",
      "dev": true
    },
    "is-extglob": {
      "version": "2.1.1",
      "resolved": "https://artifacts.devops.cambio.se:443/api/npm/npm/is-extglob/-/is-extglob-2.1.1.tgz",
      "integrity": "sha1-qIwCU1eR8C7TfHahueqXc8gz+MI=",
      "dev": true
    },
    "is-glob": {
      "version": "4.0.1",
      "resolved": "https://artifacts.devops.cambio.se:443/api/npm/npm/is-glob/-/is-glob-4.0.1.tgz",
      "integrity": "sha1-dWfb6fL14kZ7x3q4PEopSCQHpdw=",
      "dev": true,
      "requires": {
        "is-extglob": "^2.1.1"
      }
    },
    "is-number": {
      "version": "3.0.0",
      "resolved": "https://artifacts.devops.cambio.se:443/api/npm/npm/is-number/-/is-number-3.0.0.tgz",
      "integrity": "sha1-JP1iAaR4LPUFYcgQJ2r8fRLXEZU=",
      "dev": true,
      "requires": {
        "kind-of": "^3.0.2"
      },
      "dependencies": {
        "kind-of": {
          "version": "3.2.2",
          "resolved": "https://artifacts.devops.cambio.se:443/api/npm/npm/kind-of/-/kind-of-3.2.2.tgz",
          "integrity": "sha1-MeohpzS6ubuw8yRm2JOupR5KPGQ=",
          "dev": true,
          "requires": {
            "is-buffer": "^1.1.5"
          }
        }
      }
    },
    "is-plain-object": {
      "version": "2.0.4",
      "resolved": "https://artifacts.devops.cambio.se:443/api/npm/npm/is-plain-object/-/is-plain-object-2.0.4.tgz",
      "integrity": "sha1-LBY7P6+xtgbZ0Xko8FwqHDjgdnc=",
      "dev": true,
      "requires": {
        "isobject": "^3.0.1"
      }
    },
    "is-windows": {
      "version": "1.0.2",
      "resolved": "https://artifacts.devops.cambio.se:443/api/npm/npm/is-windows/-/is-windows-1.0.2.tgz",
      "integrity": "sha1-0YUOuXkezRjmGCzhKjDzlmNLsZ0=",
      "dev": true
    },
    "isarray": {
      "version": "1.0.0",
      "resolved": "https://artifacts.devops.cambio.se:443/api/npm/npm/isarray/-/isarray-1.0.0.tgz",
      "integrity": "sha1-u5NdSFgsuhaMBoNJV6VKPgcSTxE=",
      "dev": true
    },
    "isobject": {
      "version": "3.0.1",
      "resolved": "https://artifacts.devops.cambio.se:443/api/npm/npm/isobject/-/isobject-3.0.1.tgz",
      "integrity": "sha1-TkMekrEalzFjaqH5yNHMvP2reN8=",
      "dev": true
    },
    "jasmine": {
      "version": "3.6.1",
      "resolved": "https://artifacts.devops.cambio.se:443/api/npm/npm/jasmine/-/jasmine-3.6.1.tgz",
      "integrity": "sha1-ogRWswmmabVHo8JLshIPFvcM/GU=",
      "dev": true,
      "requires": {
        "fast-glob": "^2.2.6",
        "jasmine-core": "~3.6.0"
      }
    },
    "jasmine-core": {
      "version": "3.6.0",
      "resolved": "https://artifacts.devops.cambio.se:443/api/npm/npm/jasmine-core/-/jasmine-core-3.6.0.tgz",
      "integrity": "sha1-SR87sjlBeZw1POt6RbOKlQ68WiA=",
      "dev": true
    },
    "kind-of": {
      "version": "6.0.3",
      "resolved": "https://artifacts.devops.cambio.se:443/api/npm/npm/kind-of/-/kind-of-6.0.3.tgz",
      "integrity": "sha1-B8BQNKbDSfoG4k+jWqdttFgM5N0=",
      "dev": true
    },
    "map-cache": {
      "version": "0.2.2",
      "resolved": "https://artifacts.devops.cambio.se:443/api/npm/npm/map-cache/-/map-cache-0.2.2.tgz",
      "integrity": "sha1-wyq9C9ZSXZsFFkW7TyasXcmKDb8=",
      "dev": true
    },
    "map-visit": {
      "version": "1.0.0",
      "resolved": "https://artifacts.devops.cambio.se:443/api/npm/npm/map-visit/-/map-visit-1.0.0.tgz",
      "integrity": "sha1-7Nyo8TFE5mDxtb1B8S80edmN+48=",
      "dev": true,
      "requires": {
        "object-visit": "^1.0.0"
      }
    },
    "merge2": {
      "version": "1.4.1",
      "resolved": "https://artifacts.devops.cambio.se:443/api/npm/npm/merge2/-/merge2-1.4.1.tgz",
      "integrity": "sha1-Q2iJL4hekHRVpv19xVwMnUBJkK4=",
      "dev": true
    },
    "micromatch": {
      "version": "3.1.10",
      "resolved": "https://artifacts.devops.cambio.se:443/api/npm/npm/micromatch/-/micromatch-3.1.10.tgz",
      "integrity": "sha1-cIWbyVyYQJUvNZoGij/En57PrCM=",
      "dev": true,
      "requires": {
        "arr-diff": "^4.0.0",
        "array-unique": "^0.3.2",
        "braces": "^2.3.1",
        "define-property": "^2.0.2",
        "extend-shallow": "^3.0.2",
        "extglob": "^2.0.4",
        "fragment-cache": "^0.2.1",
        "kind-of": "^6.0.2",
        "nanomatch": "^1.2.9",
        "object.pick": "^1.3.0",
        "regex-not": "^1.0.0",
        "snapdragon": "^0.8.1",
        "to-regex": "^3.0.2"
      }
    },
    "mixin-deep": {
      "version": "1.3.2",
      "resolved": "https://artifacts.devops.cambio.se:443/api/npm/npm/mixin-deep/-/mixin-deep-1.3.2.tgz",
      "integrity": "sha1-ESC0PcNZp4Xc5ltVuC4lfM9HlWY=",
      "dev": true,
      "requires": {
        "for-in": "^1.0.2",
        "is-extendable": "^1.0.1"
      },
      "dependencies": {
        "is-extendable": {
          "version": "1.0.1",
          "resolved": "https://artifacts.devops.cambio.se:443/api/npm/npm/is-extendable/-/is-extendable-1.0.1.tgz",
          "integrity": "sha1-p0cPnkJnM9gb2B4RVSZOOjUHyrQ=",
          "dev": true,
          "requires": {
            "is-plain-object": "^2.0.4"
          }
        }
      }
    },
    "ms": {
      "version": "2.0.0",
      "resolved": "https://artifacts.devops.cambio.se:443/api/npm/npm/ms/-/ms-2.0.0.tgz",
      "integrity": "sha1-VgiurfwAvmwpAd9fmGF4jeDVl8g=",
      "dev": true
    },
    "nanomatch": {
      "version": "1.2.13",
      "resolved": "https://artifacts.devops.cambio.se:443/api/npm/npm/nanomatch/-/nanomatch-1.2.13.tgz",
      "integrity": "sha1-uHqKpPwN6P5r6IiVs4mD/yZb0Rk=",
      "dev": true,
      "requires": {
        "arr-diff": "^4.0.0",
        "array-unique": "^0.3.2",
        "define-property": "^2.0.2",
        "extend-shallow": "^3.0.2",
        "fragment-cache": "^0.2.1",
        "is-windows": "^1.0.2",
        "kind-of": "^6.0.2",
        "object.pick": "^1.3.0",
        "regex-not": "^1.0.0",
        "snapdragon": "^0.8.1",
        "to-regex": "^3.0.1"
      }
    },
    "object-copy": {
      "version": "0.1.0",
      "resolved": "https://artifacts.devops.cambio.se:443/api/npm/npm/object-copy/-/object-copy-0.1.0.tgz",
      "integrity": "sha1-fn2Fi3gb18mRpBupde04EnVOmYw=",
      "dev": true,
      "requires": {
        "copy-descriptor": "^0.1.0",
        "define-property": "^0.2.5",
        "kind-of": "^3.0.3"
      },
      "dependencies": {
        "define-property": {
          "version": "0.2.5",
          "resolved": "https://artifacts.devops.cambio.se:443/api/npm/npm/define-property/-/define-property-0.2.5.tgz",
          "integrity": "sha1-w1se+RjsPJkPmlvFe+BKrOxcgRY=",
          "dev": true,
          "requires": {
            "is-descriptor": "^0.1.0"
          }
        },
        "kind-of": {
          "version": "3.2.2",
          "resolved": "https://artifacts.devops.cambio.se:443/api/npm/npm/kind-of/-/kind-of-3.2.2.tgz",
          "integrity": "sha1-MeohpzS6ubuw8yRm2JOupR5KPGQ=",
          "dev": true,
          "requires": {
            "is-buffer": "^1.1.5"
          }
        }
      }
    },
    "object-visit": {
      "version": "1.0.1",
      "resolved": "https://artifacts.devops.cambio.se:443/api/npm/npm/object-visit/-/object-visit-1.0.1.tgz",
      "integrity": "sha1-95xEk68MU3e1n+OdOV5BBC3QRbs=",
      "dev": true,
      "requires": {
        "isobject": "^3.0.0"
      }
    },
    "object.pick": {
      "version": "1.3.0",
      "resolved": "https://artifacts.devops.cambio.se:443/api/npm/npm/object.pick/-/object.pick-1.3.0.tgz",
      "integrity": "sha1-h6EKxMFpS9Lhy/U1kaZhQftd10c=",
      "dev": true,
      "requires": {
        "isobject": "^3.0.1"
      }
    },
    "pascalcase": {
      "version": "0.1.1",
      "resolved": "https://artifacts.devops.cambio.se:443/api/npm/npm/pascalcase/-/pascalcase-0.1.1.tgz",
      "integrity": "sha1-s2PlXoAGym/iF4TS2yK9FdeRfxQ=",
      "dev": true
    },
    "path-dirname": {
      "version": "1.0.2",
      "resolved": "https://artifacts.devops.cambio.se:443/api/npm/npm/path-dirname/-/path-dirname-1.0.2.tgz",
      "integrity": "sha1-zDPSTVJeCZpTiMAzbG4yuRYGCeA=",
      "dev": true
    },
    "posix-character-classes": {
      "version": "0.1.1",
      "resolved": "https://artifacts.devops.cambio.se:443/api/npm/npm/posix-character-classes/-/posix-character-classes-0.1.1.tgz",
      "integrity": "sha1-AerA/jta9xoqbAL+q7jB/vfgDqs=",
      "dev": true
    },
    "regex-not": {
      "version": "1.0.2",
      "resolved": "https://artifacts.devops.cambio.se:443/api/npm/npm/regex-not/-/regex-not-1.0.2.tgz",
      "integrity": "sha1-H07OJ+ALC2XgJHpoEOaoXYOldSw=",
      "dev": true,
      "requires": {
        "extend-shallow": "^3.0.2",
        "safe-regex": "^1.1.0"
      }
    },
    "repeat-element": {
      "version": "1.1.3",
      "resolved": "https://artifacts.devops.cambio.se:443/api/npm/npm/repeat-element/-/repeat-element-1.1.3.tgz",
      "integrity": "sha1-eC4NglwMWjuzlzH4Tv7mt0Lmsc4=",
      "dev": true
    },
    "repeat-string": {
      "version": "1.6.1",
      "resolved": "https://artifacts.devops.cambio.se:443/api/npm/npm/repeat-string/-/repeat-string-1.6.1.tgz",
      "integrity": "sha1-jcrkcOHIirwtYA//Sndihtp15jc=",
      "dev": true
    },
    "resolve-url": {
      "version": "0.2.1",
      "resolved": "https://artifacts.devops.cambio.se:443/api/npm/npm/resolve-url/-/resolve-url-0.2.1.tgz",
      "integrity": "sha1-LGN/53yJOv0qZj/iGqkIAGjiBSo=",
      "dev": true
    },
    "ret": {
      "version": "0.1.15",
      "resolved": "https://artifacts.devops.cambio.se:443/api/npm/npm/ret/-/ret-0.1.15.tgz",
      "integrity": "sha1-uKSCXVvbH8P29Twrwz+BOIaBx7w=",
      "dev": true
    },
    "rxjs": {
      "version": "6.6.3",
      "resolved": "https://artifacts.devops.cambio.se:443/api/npm/npm/rxjs/-/rxjs-6.6.3.tgz",
      "integrity": "sha1-jKhGNcTaqQDA05Z6buesYCce5VI=",
      "requires": {
        "tslib": "^1.9.0"
      }
    },
    "safe-regex": {
      "version": "1.1.0",
      "resolved": "https://artifacts.devops.cambio.se:443/api/npm/npm/safe-regex/-/safe-regex-1.1.0.tgz",
      "integrity": "sha1-QKNmnzsHfR6UPURinhV91IAjvy4=",
      "dev": true,
      "requires": {
        "ret": "~0.1.10"
      }
    },
    "set-value": {
      "version": "2.0.1",
      "resolved": "https://artifacts.devops.cambio.se:443/api/npm/npm/set-value/-/set-value-2.0.1.tgz",
      "integrity": "sha1-oY1AUw5vB95CKMfe/kInr4ytAFs=",
      "dev": true,
      "requires": {
        "extend-shallow": "^2.0.1",
        "is-extendable": "^0.1.1",
        "is-plain-object": "^2.0.3",
        "split-string": "^3.0.1"
      },
      "dependencies": {
        "extend-shallow": {
          "version": "2.0.1",
          "resolved": "https://artifacts.devops.cambio.se:443/api/npm/npm/extend-shallow/-/extend-shallow-2.0.1.tgz",
          "integrity": "sha1-Ua99YUrZqfYQ6huvu5idaxxWiQ8=",
          "dev": true,
          "requires": {
            "is-extendable": "^0.1.0"
          }
        }
      }
    },
    "snapdragon": {
      "version": "0.8.2",
      "resolved": "https://artifacts.devops.cambio.se:443/api/npm/npm/snapdragon/-/snapdragon-0.8.2.tgz",
      "integrity": "sha1-ZJIufFZbDhQgS6GqfWlkJ40lGC0=",
      "dev": true,
      "requires": {
        "base": "^0.11.1",
        "debug": "^2.2.0",
        "define-property": "^0.2.5",
        "extend-shallow": "^2.0.1",
        "map-cache": "^0.2.2",
        "source-map": "^0.5.6",
        "source-map-resolve": "^0.5.0",
        "use": "^3.1.0"
      },
      "dependencies": {
        "define-property": {
          "version": "0.2.5",
          "resolved": "https://artifacts.devops.cambio.se:443/api/npm/npm/define-property/-/define-property-0.2.5.tgz",
          "integrity": "sha1-w1se+RjsPJkPmlvFe+BKrOxcgRY=",
          "dev": true,
          "requires": {
            "is-descriptor": "^0.1.0"
          }
        },
        "extend-shallow": {
          "version": "2.0.1",
          "resolved": "https://artifacts.devops.cambio.se:443/api/npm/npm/extend-shallow/-/extend-shallow-2.0.1.tgz",
          "integrity": "sha1-Ua99YUrZqfYQ6huvu5idaxxWiQ8=",
          "dev": true,
          "requires": {
            "is-extendable": "^0.1.0"
          }
        }
      }
    },
    "snapdragon-node": {
      "version": "2.1.1",
      "resolved": "https://artifacts.devops.cambio.se:443/api/npm/npm/snapdragon-node/-/snapdragon-node-2.1.1.tgz",
      "integrity": "sha1-bBdfhv8UvbByRWPo88GwIaKGhTs=",
      "dev": true,
      "requires": {
        "define-property": "^1.0.0",
        "isobject": "^3.0.0",
        "snapdragon-util": "^3.0.1"
      },
      "dependencies": {
        "define-property": {
          "version": "1.0.0",
          "resolved": "https://artifacts.devops.cambio.se:443/api/npm/npm/define-property/-/define-property-1.0.0.tgz",
          "integrity": "sha1-dp66rz9KY6rTr56NMEybvnm/sOY=",
          "dev": true,
          "requires": {
            "is-descriptor": "^1.0.0"
          }
        },
        "is-accessor-descriptor": {
          "version": "1.0.0",
          "resolved": "https://artifacts.devops.cambio.se:443/api/npm/npm/is-accessor-descriptor/-/is-accessor-descriptor-1.0.0.tgz",
          "integrity": "sha1-FpwvbT3x+ZJhgHI2XJsOofaHhlY=",
          "dev": true,
          "requires": {
            "kind-of": "^6.0.0"
          }
        },
        "is-data-descriptor": {
          "version": "1.0.0",
          "resolved": "https://artifacts.devops.cambio.se:443/api/npm/npm/is-data-descriptor/-/is-data-descriptor-1.0.0.tgz",
          "integrity": "sha1-2Eh2Mh0Oet0DmQQGq7u9NrqSaMc=",
          "dev": true,
          "requires": {
            "kind-of": "^6.0.0"
          }
        },
        "is-descriptor": {
          "version": "1.0.2",
          "resolved": "https://artifacts.devops.cambio.se:443/api/npm/npm/is-descriptor/-/is-descriptor-1.0.2.tgz",
          "integrity": "sha1-OxWXRqZmBLBPjIFSS6NlxfFNhuw=",
          "dev": true,
          "requires": {
            "is-accessor-descriptor": "^1.0.0",
            "is-data-descriptor": "^1.0.0",
            "kind-of": "^6.0.2"
          }
        }
      }
    },
    "snapdragon-util": {
      "version": "3.0.1",
      "resolved": "https://artifacts.devops.cambio.se:443/api/npm/npm/snapdragon-util/-/snapdragon-util-3.0.1.tgz",
      "integrity": "sha1-+VZHlIbyrNeXAGk/b3uAXkWrVuI=",
      "dev": true,
      "requires": {
        "kind-of": "^3.2.0"
      },
      "dependencies": {
        "kind-of": {
          "version": "3.2.2",
          "resolved": "https://artifacts.devops.cambio.se:443/api/npm/npm/kind-of/-/kind-of-3.2.2.tgz",
          "integrity": "sha1-MeohpzS6ubuw8yRm2JOupR5KPGQ=",
          "dev": true,
          "requires": {
            "is-buffer": "^1.1.5"
          }
        }
      }
    },
    "source-map": {
      "version": "0.5.7",
      "resolved": "https://artifacts.devops.cambio.se:443/api/npm/npm/source-map/-/source-map-0.5.7.tgz",
      "integrity": "sha1-igOdLRAh0i0eoUyA2OpGi6LvP8w=",
      "dev": true
    },
    "source-map-resolve": {
      "version": "0.5.3",
      "resolved": "https://artifacts.devops.cambio.se:443/api/npm/npm/source-map-resolve/-/source-map-resolve-0.5.3.tgz",
      "integrity": "sha1-GQhmvs51U+H48mei7oLGBrVQmho=",
      "dev": true,
      "requires": {
        "atob": "^2.1.2",
        "decode-uri-component": "^0.2.0",
        "resolve-url": "^0.2.1",
        "source-map-url": "^0.4.0",
        "urix": "^0.1.0"
      }
    },
    "source-map-url": {
      "version": "0.4.0",
      "resolved": "https://artifacts.devops.cambio.se:443/api/npm/npm/source-map-url/-/source-map-url-0.4.0.tgz",
      "integrity": "sha1-PpNdfd1zYxuXZZlW1VEo6HtQhKM=",
      "dev": true
    },
    "split-string": {
      "version": "3.1.0",
      "resolved": "https://artifacts.devops.cambio.se:443/api/npm/npm/split-string/-/split-string-3.1.0.tgz",
      "integrity": "sha1-fLCd2jqGWFcFxks5pkZgOGguj+I=",
      "dev": true,
      "requires": {
        "extend-shallow": "^3.0.0"
      }
    },
    "static-extend": {
      "version": "0.1.2",
      "resolved": "https://artifacts.devops.cambio.se:443/api/npm/npm/static-extend/-/static-extend-0.1.2.tgz",
      "integrity": "sha1-YICcOcv/VTNyJv1eC1IPNB8ftcY=",
      "dev": true,
      "requires": {
        "define-property": "^0.2.5",
        "object-copy": "^0.1.0"
      },
      "dependencies": {
        "define-property": {
          "version": "0.2.5",
          "resolved": "https://artifacts.devops.cambio.se:443/api/npm/npm/define-property/-/define-property-0.2.5.tgz",
          "integrity": "sha1-w1se+RjsPJkPmlvFe+BKrOxcgRY=",
          "dev": true,
          "requires": {
            "is-descriptor": "^0.1.0"
          }
        }
      }
    },
    "to-object-path": {
      "version": "0.3.0",
      "resolved": "https://artifacts.devops.cambio.se:443/api/npm/npm/to-object-path/-/to-object-path-0.3.0.tgz",
      "integrity": "sha1-KXWIt7Dn4KwI4E5nL4XB9JmeF68=",
      "dev": true,
      "requires": {
        "kind-of": "^3.0.2"
      },
      "dependencies": {
        "kind-of": {
          "version": "3.2.2",
          "resolved": "https://artifacts.devops.cambio.se:443/api/npm/npm/kind-of/-/kind-of-3.2.2.tgz",
          "integrity": "sha1-MeohpzS6ubuw8yRm2JOupR5KPGQ=",
          "dev": true,
          "requires": {
            "is-buffer": "^1.1.5"
          }
        }
      }
    },
    "to-regex": {
      "version": "3.0.2",
      "resolved": "https://artifacts.devops.cambio.se:443/api/npm/npm/to-regex/-/to-regex-3.0.2.tgz",
      "integrity": "sha1-E8/dmzNlUvMLUfM6iuG0Knp1mc4=",
      "dev": true,
      "requires": {
        "define-property": "^2.0.2",
        "extend-shallow": "^3.0.2",
        "regex-not": "^1.0.2",
        "safe-regex": "^1.1.0"
      }
    },
    "to-regex-range": {
      "version": "2.1.1",
      "resolved": "https://artifacts.devops.cambio.se:443/api/npm/npm/to-regex-range/-/to-regex-range-2.1.1.tgz",
      "integrity": "sha1-fIDBe53+vlmeJzZ+DU3VWQFB2zg=",
      "dev": true,
      "requires": {
        "is-number": "^3.0.0",
        "repeat-string": "^1.6.1"
      }
    },
    "tslib": {
      "version": "1.13.0",
      "resolved": "https://artifacts.devops.cambio.se:443/api/npm/npm/tslib/-/tslib-1.13.0.tgz",
      "integrity": "sha1-yIHhPMcBWJTtkUhi0nZDb6mkcEM="
    },
    "union-value": {
      "version": "1.0.1",
      "resolved": "https://artifacts.devops.cambio.se:443/api/npm/npm/union-value/-/union-value-1.0.1.tgz",
      "integrity": "sha1-C2/nuDWuzaYcbqTU8CwUIh4QmEc=",
      "dev": true,
      "requires": {
        "arr-union": "^3.1.0",
        "get-value": "^2.0.6",
        "is-extendable": "^0.1.1",
        "set-value": "^2.0.1"
      }
    },
    "unset-value": {
      "version": "1.0.0",
      "resolved": "https://artifacts.devops.cambio.se:443/api/npm/npm/unset-value/-/unset-value-1.0.0.tgz",
      "integrity": "sha1-g3aHP30jNRef+x5vw6jtDfyKtVk=",
      "dev": true,
      "requires": {
        "has-value": "^0.3.1",
        "isobject": "^3.0.0"
      },
      "dependencies": {
        "has-value": {
          "version": "0.3.1",
          "resolved": "https://artifacts.devops.cambio.se:443/api/npm/npm/has-value/-/has-value-0.3.1.tgz",
          "integrity": "sha1-ex9YutpiyoJ+wKIHgCVlSEWZXh8=",
          "dev": true,
          "requires": {
            "get-value": "^2.0.3",
            "has-values": "^0.1.4",
            "isobject": "^2.0.0"
          },
          "dependencies": {
            "isobject": {
              "version": "2.1.0",
              "resolved": "https://artifacts.devops.cambio.se:443/api/npm/npm/isobject/-/isobject-2.1.0.tgz",
              "integrity": "sha1-8GVWEJaj8dou9GJy+BXIQNh+DIk=",
              "dev": true,
              "requires": {
                "isarray": "1.0.0"
              }
            }
          }
        },
        "has-values": {
          "version": "0.1.4",
          "resolved": "https://artifacts.devops.cambio.se:443/api/npm/npm/has-values/-/has-values-0.1.4.tgz",
          "integrity": "sha1-bWHeldkd/Km5oCCJrThL/49it3E=",
          "dev": true
        }
      }
    },
    "urix": {
      "version": "0.1.0",
      "resolved": "https://artifacts.devops.cambio.se:443/api/npm/npm/urix/-/urix-0.1.0.tgz",
      "integrity": "sha1-2pN/emLiH+wf0Y1Js1wpNQZ6bHI=",
      "dev": true
    },
    "use": {
      "version": "3.1.1",
      "resolved": "https://artifacts.devops.cambio.se:443/api/npm/npm/use/-/use-3.1.1.tgz",
      "integrity": "sha1-1QyMrHmhn7wg8pEfVuuXP04QBw8=",
      "dev": true
    }
  }
}
